# THIS IS AN AUTOGENERATED FILE. DO NOT EDIT THIS FILE DIRECTLY.
# yarn lockfile v1


suneditor-react@^3.6.1:
  version "3.6.1"
  resolved "https://registry.yarnpkg.com/suneditor-react/-/suneditor-react-3.6.1.tgz#62bd64784a48f5402e8bae19362fd3d32a7c2fd3"
  integrity sha512-12f9KLnEB6pAdyHJINTzRBg3UOWVZZ+jVYSEtwdBTDYQW4amUZr0xOnpikbBAlxb9rcTYV5RHAsad3gnNhLsuA==
